// !$*UTF8*$!
{
	archiveVersion = 1;
	classes = {
	};
	objectVersion = 56;
	objects = {

/* Begin PBXBuildFile section */
		7E90CA8D2B8F86B800241A8A /* CatList.swift in Sources */ = {isa = PBXBuildFile; fileRef = 7E90CA8C2B8F86B800241A8A /* CatList.swift */; };
		7ED85CCC2B8F52AF000935E4 /* CatApp.swift in Sources */ = {isa = PBXBuildFile; fileRef = 7ED85CCB2B8F52AF000935E4 /* CatApp.swift */; };
		7ED85CCE2B8F52AF000935E4 /* CatListView.swift in Sources */ = {isa = PBXBuildFile; fileRef = 7ED85CCD2B8F52AF000935E4 /* CatListView.swift */; };
		7ED85CD02B8F52B0000935E4 /* Assets.xcassets in Resources */ = {isa = PBXBuildFile; fileRef = 7ED85CCF2B8F52B0000935E4 /* Assets.xcassets */; };
		7ED85CD32B8F52B0000935E4 /* Preview Assets.xcassets in Resources */ = {isa = PBXBuildFile; fileRef = 7ED85CD22B8F52B0000935E4 /* Preview Assets.xcassets */; };
		7ED85CDD2B8F52B0000935E4 /* CatAppTests.swift in Sources */ = {isa = PBXBuildFile; fileRef = 7ED85CDC2B8F52B0000935E4 /* CatAppTests.swift */; };
		7ED85CF72B8F718E000935E4 /* ComposableArchitecture in Frameworks */ = {isa = PBXBuildFile; productRef = 7ED85CF62B8F718E000935E4 /* ComposableArchitecture */; };
		7ED85CFB2B8F7485000935E4 /* CatAPIClient.swift in Sources */ = {isa = PBXBuildFile; fileRef = 7ED85CFA2B8F7485000935E4 /* CatAPIClient.swift */; };
/* End PBXBuildFile section */

/* Begin PBXContainerItemProxy section */
		7ED85CD92B8F52B0000935E4 /* PBXContainerItemProxy */ = {
			isa = PBXContainerItemProxy;
			containerPortal = 7ED85CC02B8F52AF000935E4 /* Project object */;
			proxyType = 1;
			remoteGlobalIDString = 7ED85CC72B8F52AF000935E4;
			remoteInfo = CatApp;
		};
/* End PBXContainerItemProxy section */

/* Begin PBXFileReference section */
		7E90CA8C2B8F86B800241A8A /* CatList.swift */ = {isa = PBXFileReference; lastKnownFileType = sourcecode.swift; path = CatList.swift; sourceTree = "<group>"; };
		7ED85CC82B8F52AF000935E4 /* CatApp.app */ = {isa = PBXFileReference; explicitFileType = wrapper.application; includeInIndex = 0; path = CatApp.app; sourceTree = BUILT_PRODUCTS_DIR; };
		7ED85CCB2B8F52AF000935E4 /* CatApp.swift */ = {isa = PBXFileReference; lastKnownFileType = sourcecode.swift; path = CatApp.swift; sourceTree = "<group>"; };
		7ED85CCD2B8F52AF000935E4 /* CatListView.swift */ = {isa = PBXFileReference; lastKnownFileType = sourcecode.swift; path = CatListView.swift; sourceTree = "<group>"; };
		7ED85CCF2B8F52B0000935E4 /* Assets.xcassets */ = {isa = PBXFileReference; lastKnownFileType = folder.assetcatalog; path = Assets.xcassets; sourceTree = "<group>"; };
		7ED85CD22B8F52B0000935E4 /* Preview Assets.xcassets */ = {isa = PBXFileReference; lastKnownFileType = folder.assetcatalog; path = "Preview Assets.xcassets"; sourceTree = "<group>"; };
		7ED85CD82B8F52B0000935E4 /* CatAppTests.xctest */ = {isa = PBXFileReference; explicitFileType = wrapper.cfbundle; includeInIndex = 0; path = CatAppTests.xctest; sourceTree = BUILT_PRODUCTS_DIR; };
		7ED85CDC2B8F52B0000935E4 /* CatAppTests.swift */ = {isa = PBXFileReference; lastKnownFileType = sourcecode.swift; path = CatAppTests.swift; sourceTree = "<group>"; };
		7ED85CFA2B8F7485000935E4 /* CatAPIClient.swift */ = {isa = PBXFileReference; lastKnownFileType = sourcecode.swift; path = CatAPIClient.swift; sourceTree = "<group>"; };
/* End PBXFileReference section */

/* Begin PBXFrameworksBuildPhase section */
		7ED85CC52B8F52AF000935E4 /* Frameworks */ = {
			isa = PBXFrameworksBuildPhase;
			buildActionMask = 2147483647;
			files = (
				7ED85CF72B8F718E000935E4 /* ComposableArchitecture in Frameworks */,
			);
			runOnlyForDeploymentPostprocessing = 0;
		};
		7ED85CD52B8F52B0000935E4 /* Frameworks */ = {
			isa = PBXFrameworksBuildPhase;
			buildActionMask = 2147483647;
			files = (
			);
			runOnlyForDeploymentPostprocessing = 0;
		};
/* End PBXFrameworksBuildPhase section */

/* Begin PBXGroup section */
		7ED85CBF2B8F52AF000935E4 = {
			isa = PBXGroup;
			children = (
				7ED85CCA2B8F52AF000935E4 /* CatApp */,
				7ED85CDB2B8F52B0000935E4 /* CatAppTests */,
				7ED85CC92B8F52AF000935E4 /* Products */,
			);
			sourceTree = "<group>";
		};
		7ED85CC92B8F52AF000935E4 /* Products */ = {
			isa = PBXGroup;
			children = (
				7ED85CC82B8F52AF000935E4 /* CatApp.app */,
				7ED85CD82B8F52B0000935E4 /* CatAppTests.xctest */,
			);
			name = Products;
			sourceTree = "<group>";
		};
		7ED85CCA2B8F52AF000935E4 /* CatApp */ = {
			isa = PBXGroup;
			children = (
				7ED85CCB2B8F52AF000935E4 /* CatApp.swift */,
				7ED85CCD2B8F52AF000935E4 /* CatListView.swift */,
				7E90CA8C2B8F86B800241A8A /* CatList.swift */,
				7ED85CFA2B8F7485000935E4 /* CatAPIClient.swift */,
				7ED85CCF2B8F52B0000935E4 /* Assets.xcassets */,
				7ED85CD12B8F52B0000935E4 /* Preview Content */,
			);
			path = CatApp;
			sourceTree = "<group>";
		};
		7ED85CD12B8F52B0000935E4 /* Preview Content */ = {
			isa = PBXGroup;
			children = (
				7ED85CD22B8F52B0000935E4 /* Preview Assets.xcassets */,
			);
			path = "Preview Content";
			sourceTree = "<group>";
		};
		7ED85CDB2B8F52B0000935E4 /* CatAppTests */ = {
			isa = PBXGroup;
			children = (
				7ED85CDC2B8F52B0000935E4 /* CatAppTests.swift */,
			);
			path = CatAppTests;
			sourceTree = "<group>";
		};
/* End PBXGroup section */

/* Begin PBXNativeTarget section */
		7ED85CC72B8F52AF000935E4 /* CatApp */ = {
			isa = PBXNativeTarget;
			buildConfigurationList = 7ED85CEC2B8F52B0000935E4 /* Build configuration list for PBXNativeTarget "CatApp" */;
			buildPhases = (
				7ED85CC42B8F52AF000935E4 /* Sources */,
				7ED85CC52B8F52AF000935E4 /* Frameworks */,
				7ED85CC62B8F52AF000935E4 /* Resources */,
			);
			buildRules = (
			);
			dependencies = (
			);
			name = CatApp;
			packageProductDependencies = (
				7ED85CF62B8F718E000935E4 /* ComposableArchitecture */,
			);
			productName = CatApp;
			productReference = 7ED85CC82B8F52AF000935E4 /* CatApp.app */;
			productType = "com.apple.product-type.application";
		};
		7ED85CD72B8F52B0000935E4 /* CatAppTests */ = {
			isa = PBXNativeTarget;
			buildConfigurationList = 7ED85CEF2B8F52B0000935E4 /* Build configuration list for PBXNativeTarget "CatAppTests" */;
			buildPhases = (
				7ED85CD42B8F52B0000935E4 /* Sources */,
				7ED85CD52B8F52B0000935E4 /* Frameworks */,
				7ED85CD62B8F52B0000935E4 /* Resources */,
			);
			buildRules = (
			);
			dependencies = (
				7ED85CDA2B8F52B0000935E4 /* PBXTargetDependency */,
			);
			name = CatAppTests;
			productName = CatAppTests;
			productReference = 7ED85CD82B8F52B0000935E4 /* CatAppTests.xctest */;
			productType = "com.apple.product-type.bundle.unit-test";
		};
/* End PBXNativeTarget section */

/* Begin PBXProject section */
		7ED85CC02B8F52AF000935E4 /* Project object */ = {
			isa = PBXProject;
			attributes = {
				BuildIndependentTargetsInParallel = 1;
				LastSwiftUpdateCheck = 1520;
				LastUpgradeCheck = 1520;
				TargetAttributes = {
					7ED85CC72B8F52AF000935E4 = {
						CreatedOnToolsVersion = 15.2;
					};
					7ED85CD72B8F52B0000935E4 = {
						CreatedOnToolsVersion = 15.2;
						TestTargetID = 7ED85CC72B8F52AF000935E4;
					};
				};
			};
			buildConfigurationList = 7ED85CC32B8F52AF000935E4 /* Build configuration list for PBXProject "CatApp" */;
			compatibilityVersion = "Xcode 14.0";
			developmentRegion = en;
			hasScannedForEncodings = 0;
			knownRegions = (
				en,
				Base,
			);
			mainGroup = 7ED85CBF2B8F52AF000935E4;
			packageReferences = (
				7ED85CF52B8F718D000935E4 /* XCRemoteSwiftPackageReference "swift-composable-architecture" */,
			);
			productRefGroup = 7ED85CC92B8F52AF000935E4 /* Products */;
			projectDirPath = "";
			projectRoot = "";
			targets = (
				7ED85CC72B8F52AF000935E4 /* CatApp */,
				7ED85CD72B8F52B0000935E4 /* CatAppTests */,
			);
		};
/* End PBXProject section */

/* Begin PBXResourcesBuildPhase section */
		7ED85CC62B8F52AF000935E4 /* Resources */ = {
			isa = PBXResourcesBuildPhase;
			buildActionMask = 2147483647;
			files = (
				7ED85CD32B8F52B0000935E4 /* Preview Assets.xcassets in Resources */,
				7ED85CD02B8F52B0000935E4 /* Assets.xcassets in Resources */,
			);
			runOnlyForDeploymentPostprocessing = 0;
		};
		7ED85CD62B8F52B0000935E4 /* Resources */ = {
			isa = PBXResourcesBuildPhase;
			buildActionMask = 2147483647;
			files = (
			);
			runOnlyForDeploymentPostprocessing = 0;
		};
/* End PBXResourcesBuildPhase section */

/* Begin PBXSourcesBuildPhase section */
		7ED85CC42B8F52AF000935E4 /* Sources */ = {
			isa = PBXSourcesBuildPhase;
			buildActionMask = 2147483647;
			files = (
				7ED85CCE2B8F52AF000935E4 /* CatListView.swift in Sources */,
				7E90CA8D2B8F86B800241A8A /* CatList.swift in Sources */,
				7ED85CFB2B8F7485000935E4 /* CatAPIClient.swift in Sources */,
				7ED85CCC2B8F52AF000935E4 /* CatApp.swift in Sources */,
			);
			runOnlyForDeploymentPostprocessing = 0;
		};
		7ED85CD42B8F52B0000935E4 /* Sources */ = {
			isa = PBXSourcesBuildPhase;
			buildActionMask = 2147483647;
			files = (
				7ED85CDD2B8F52B0000935E4 /* CatAppTests.swift in Sources */,
			);
			runOnlyForDeploymentPostprocessing = 0;
		};
/* End PBXSourcesBuildPhase section */

/* Begin PBXTargetDependency section */
		7ED85CDA2B8F52B0000935E4 /* PBXTargetDependency */ = {
			isa = PBXTargetDependency;
			target = 7ED85CC72B8F52AF000935E4 /* CatApp */;
			targetProxy = 7ED85CD92B8F52B0000935E4 /* PBXContainerItemProxy */;
		};
/* End PBXTargetDependency section */

/* Begin XCBuildConfiguration section */
		7ED85CEA2B8F52B0000935E4 /* Debug */ = {
			isa = XCBuildConfiguration;
			buildSettings = {
				ALWAYS_SEARCH_USER_PATHS = NO;
				ASSETCATALOG_COMPILER_GENERATE_SWIFT_ASSET_SYMBOL_EXTENSIONS = YES;
				CLANG_ANALYZER_NONNULL = YES;
				CLANG_ANALYZER_NUMBER_OBJECT_CONVERSION = YES_AGGRESSIVE;
				CLANG_CXX_LANGUAGE_STANDARD = "gnu++20";
				CLANG_ENABLE_MODULES = YES;
				CLANG_ENABLE_OBJC_ARC = YES;
				CLANG_ENABLE_OBJC_WEAK = YES;
				CLANG_WARN_BLOCK_CAPTURE_AUTORELEASING = YES;
				CLANG_WARN_BOOL_CONVERSION = YES;
				CLANG_WARN_COMMA = YES;
				CLANG_WARN_CONSTANT_CONVERSION = YES;
				CLANG_WARN_DEPRECATED_OBJC_IMPLEMENTATIONS = YES;
				CLANG_WARN_DIRECT_OBJC_ISA_USAGE = YES_ERROR;
				CLANG_WARN_DOCUMENTATION_COMMENTS = YES;
				CLANG_WARN_EMPTY_BODY = YES;
				CLANG_WARN_ENUM_CONVERSION = YES;
				CLANG_WARN_INFINITE_RECURSION = YES;
				CLANG_WARN_INT_CONVERSION = YES;
				CLANG_WARN_NON_LITERAL_NULL_CONVERSION = YES;
				CLANG_WARN_OBJC_IMPLICIT_RETAIN_SELF = YES;
				CLANG_WARN_OBJC_LITERAL_CONVERSION = YES;
				CLANG_WARN_OBJC_ROOT_CLASS = YES_ERROR;
				CLANG_WARN_QUOTED_INCLUDE_IN_FRAMEWORK_HEADER = YES;
				CLANG_WARN_RANGE_LOOP_ANALYSIS = YES;
				CLANG_WARN_STRICT_PROTOTYPES = YES;
				CLANG_WARN_SUSPICIOUS_MOVE = YES;
				CLANG_WARN_UNGUARDED_AVAILABILITY = YES_AGGRESSIVE;
				CLANG_WARN_UNREACHABLE_CODE = YES;
				CLANG_WARN__DUPLICATE_METHOD_MATCH = YES;
				COPY_PHASE_STRIP = NO;
				DEBUG_INFORMATION_FORMAT = dwarf;
				ENABLE_STRICT_OBJC_MSGSEND = YES;
				ENABLE_TESTABILITY = YES;
				ENABLE_USER_SCRIPT_SANDBOXING = YES;
				GCC_C_LANGUAGE_STANDARD = gnu17;
				GCC_DYNAMIC_NO_PIC = NO;
				GCC_NO_COMMON_BLOCKS = YES;
				GCC_OPTIMIZATION_LEVEL = 0;
				GCC_PREPROCESSOR_DEFINITIONS = (
					"DEBUG=1",
					"$(inherited)",
				);
				GCC_WARN_64_TO_32_BIT_CONVERSION = YES;
				GCC_WARN_ABOUT_RETURN_TYPE = YES_ERROR;
				GCC_WARN_UNDECLARED_SELECTOR = YES;
				GCC_WARN_UNINITIALIZED_AUTOS = YES_AGGRESSIVE;
				GCC_WARN_UNUSED_FUNCTION = YES;
				GCC_WARN_UNUSED_VARIABLE = YES;
				IPHONEOS_DEPLOYMENT_TARGET = 17.2;
				LOCALIZATION_PREFERS_STRING_CATALOGS = YES;
				MTL_ENABLE_DEBUG_INFO = INCLUDE_SOURCE;
				MTL_FAST_MATH = YES;
				ONLY_ACTIVE_ARCH = YES;
				SDKROOT = iphoneos;
				SWIFT_ACTIVE_COMPILATION_CONDITIONS = "DEBUG $(inherited)";
				SWIFT_OPTIMIZATION_LEVEL = "-Onone";
			};
			name = Debug;
		};
		7ED85CEB2B8F52B0000935E4 /* Release */ = {
			isa = XCBuildConfiguration;
			buildSettings = {
				ALWAYS_SEARCH_USER_PATHS = NO;
				ASSETCATALOG_COMPILER_GENERATE_SWIFT_ASSET_SYMBOL_EXTENSIONS = YES;
				CLANG_ANALYZER_NONNULL = YES;
				CLANG_ANALYZER_NUMBER_OBJECT_CONVERSION = YES_AGGRESSIVE;
				CLANG_CXX_LANGUAGE_STANDARD = "gnu++20";
				CLANG_ENABLE_MODULES = YES;
				CLANG_ENABLE_OBJC_ARC = YES;
				CLANG_ENABLE_OBJC_WEAK = YES;
				CLANG_WARN_BLOCK_CAPTURE_AUTORELEASING = YES;
				CLANG_WARN_BOOL_CONVERSION = YES;
				CLANG_WARN_COMMA = YES;
				CLANG_WARN_CONSTANT_CONVERSION = YES;
				CLANG_WARN_DEPRECATED_OBJC_IMPLEMENTATIONS = YES;
				CLANG_WARN_DIRECT_OBJC_ISA_USAGE = YES_ERROR;
				CLANG_WARN_DOCUMENTATION_COMMENTS = YES;
				CLANG_WARN_EMPTY_BODY = YES;
				CLANG_WARN_ENUM_CONVERSION = YES;
				CLANG_WARN_INFINITE_RECURSION = YES;
				CLANG_WARN_INT_CONVERSION = YES;
				CLANG_WARN_NON_LITERAL_NULL_CONVERSION = YES;
				CLANG_WARN_OBJC_IMPLICIT_RETAIN_SELF = YES;
				CLANG_WARN_OBJC_LITERAL_CONVERSION = YES;
				CLANG_WARN_OBJC_ROOT_CLASS = YES_ERROR;
				CLANG_WARN_QUOTED_INCLUDE_IN_FRAMEWORK_HEADER = YES;
				CLANG_WARN_RANGE_LOOP_ANALYSIS = YES;
				CLANG_WARN_STRICT_PROTOTYPES = YES;
				CLANG_WARN_SUSPICIOUS_MOVE = YES;
				CLANG_WARN_UNGUARDED_AVAILABILITY = YES_AGGRESSIVE;
				CLANG_WARN_UNREACHABLE_CODE = YES;
				CLANG_WARN__DUPLICATE_METHOD_MATCH = YES;
				COPY_PHASE_STRIP = NO;
				DEBUG_INFORMATION_FORMAT = "dwarf-with-dsym";
				ENABLE_NS_ASSERTIONS = NO;
				ENABLE_STRICT_OBJC_MSGSEND = YES;
				ENABLE_USER_SCRIPT_SANDBOXING = YES;
				GCC_C_LANGUAGE_STANDARD = gnu17;
				GCC_NO_COMMON_BLOCKS = YES;
				GCC_WARN_64_TO_32_BIT_CONVERSION = YES;
				GCC_WARN_ABOUT_RETURN_TYPE = YES_ERROR;
				GCC_WARN_UNDECLARED_SELECTOR = YES;
				GCC_WARN_UNINITIALIZED_AUTOS = YES_AGGRESSIVE;
				GCC_WARN_UNUSED_FUNCTION = YES;
				GCC_WARN_UNUSED_VARIABLE = YES;
				IPHONEOS_DEPLOYMENT_TARGET = 17.2;
				LOCALIZATION_PREFERS_STRING_CATALOGS = YES;
				MTL_ENABLE_DEBUG_INFO = NO;
				MTL_FAST_MATH = YES;
				SDKROOT = iphoneos;
				SWIFT_COMPILATION_MODE = wholemodule;
				VALIDATE_PRODUCT = YES;
			};
			name = Release;
		};
		7ED85CED2B8F52B0000935E4 /* Debug */ = {
			isa = XCBuildConfiguration;
			buildSettings = {
				ASSETCATALOG_COMPILER_APPICON_NAME = AppIcon;
				ASSETCATALOG_COMPILER_GLOBAL_ACCENT_COLOR_NAME = AccentColor;
				CODE_SIGN_STYLE = Automatic;
				CURRENT_PROJECT_VERSION = 1;
				DEVELOPMENT_ASSET_PATHS = "\"CatApp/Preview Content\"";
				DEVELOPMENT_TEAM = "";
				ENABLE_PREVIEWS = YES;
				GENERATE_INFOPLIST_FILE = YES;
				INFOPLIST_KEY_UIApplicationSceneManifest_Generation = YES;
				INFOPLIST_KEY_UIApplicationSupportsIndirectInputEvents = YES;
				INFOPLIST_KEY_UILaunchScreen_Generation = YES;
				INFOPLIST_KEY_UISupportedInterfaceOrientations_iPad = "UIInterfaceOrientationPortrait UIInterfaceOrientationPortraitUpsideDown UIInterfaceOrientationLandscapeLeft UIInterfaceOrientationLandscapeRight";
				INFOPLIST_KEY_UISupportedInterfaceOrientations_iPhone = "UIInterfaceOrientationPortrait UIInterfaceOrientationLandscapeLeft UIInterfaceOrientationLandscapeRight";
				LD_RUNPATH_SEARCH_PATHS = (
					"$(inherited)",
					"@executable_path/Frameworks",
				);
				MARKETING_VERSION = 1.0;
				PRODUCT_BUNDLE_IDENTIFIER = test.cats.CatApp;
				PRODUCT_NAME = "$(TARGET_NAME)";
				SWIFT_EMIT_LOC_STRINGS = YES;
				SWIFT_VERSION = 5.0;
				TARGETED_DEVICE_FAMILY = "1,2";
			};
			name = Debug;
		};
		7ED85CEE2B8F52B0000935E4 /* Release */ = {
			isa = XCBuildConfiguration;
			buildSettings = {
				ASSETCATALOG_COMPILER_APPICON_NAME = AppIcon;
				ASSETCATALOG_COMPILER_GLOBAL_ACCENT_COLOR_NAME = AccentColor;
				CODE_SIGN_STYLE = Automatic;
				CURRENT_PROJECT_VERSION = 1;
				DEVELOPMENT_ASSET_PATHS = "\"CatApp/Preview Content\"";
				DEVELOPMENT_TEAM = "";
				ENABLE_PREVIEWS = YES;
				GENERATE_INFOPLIST_FILE = YES;
				INFOPLIST_KEY_UIApplicationSceneManifest_Generation = YES;
				INFOPLIST_KEY_UIApplicationSupportsIndirectInputEvents = YES;
				INFOPLIST_KEY_UILaunchScreen_Generation = YES;
				INFOPLIST_KEY_UISupportedInterfaceOrientations_iPad = "UIInterfaceOrientationPortrait UIInterfaceOrientationPortraitUpsideDown UIInterfaceOrientationLandscapeLeft UIInterfaceOrientationLandscapeRight";
				INFOPLIST_KEY_UISupportedInterfaceOrientations_iPhone = "UIInterfaceOrientationPortrait UIInterfaceOrientationLandscapeLeft UIInterfaceOrientationLandscapeRight";
				LD_RUNPATH_SEARCH_PATHS = (
					"$(inherited)",
					"@executable_path/Frameworks",
				);
				MARKETING_VERSION = 1.0;
				PRODUCT_BUNDLE_IDENTIFIER = test.cats.CatApp;
				PRODUCT_NAME = "$(TARGET_NAME)";
				SWIFT_EMIT_LOC_STRINGS = YES;
				SWIFT_VERSION = 5.0;
				TARGETED_DEVICE_FAMILY = "1,2";
			};
			name = Release;
		};
		7ED85CF02B8F52B0000935E4 /* Debug */ = {
			isa = XCBuildConfiguration;
			buildSettings = {
				ALWAYS_EMBED_SWIFT_STANDARD_LIBRARIES = YES;
				BUNDLE_LOADER = "$(TEST_HOST)";
				CODE_SIGN_STYLE = Automatic;
				CURRENT_PROJECT_VERSION = 1;
				GENERATE_INFOPLIST_FILE = YES;
				IPHONEOS_DEPLOYMENT_TARGET = 17.2;
				MARKETING_VERSION = 1.0;
				PRODUCT_BUNDLE_IDENTIFIER = test.cats.CatAppTests;
				PRODUCT_NAME = "$(TARGET_NAME)";
				SWIFT_EMIT_LOC_STRINGS = NO;
				SWIFT_VERSION = 5.0;
				TARGETED_DEVICE_FAMILY = "1,2";
				TEST_HOST = "$(BUILT_PRODUCTS_DIR)/CatApp.app/$(BUNDLE_EXECUTABLE_FOLDER_PATH)/CatApp";
			};
			name = Debug;
		};
		7ED85CF12B8F52B0000935E4 /* Release */ = {
			isa = XCBuildConfiguration;
			buildSettings = {
				ALWAYS_EMBED_SWIFT_STANDARD_LIBRARIES = YES;
				BUNDLE_LOADER = "$(TEST_HOST)";
				CODE_SIGN_STYLE = Automatic;
				CURRENT_PROJECT_VERSION = 1;
				GENERATE_INFOPLIST_FILE = YES;
				IPHONEOS_DEPLOYMENT_TARGET = 17.2;
				MARKETING_VERSION = 1.0;
				PRODUCT_BUNDLE_IDENTIFIER = test.cats.CatAppTests;
				PRODUCT_NAME = "$(TARGET_NAME)";
				SWIFT_EMIT_LOC_STRINGS = NO;
				SWIFT_VERSION = 5.0;
				TARGETED_DEVICE_FAMILY = "1,2";
				TEST_HOST = "$(BUILT_PRODUCTS_DIR)/CatApp.app/$(BUNDLE_EXECUTABLE_FOLDER_PATH)/CatApp";
			};
			name = Release;
		};
/* End XCBuildConfiguration section */

/* Begin XCConfigurationList section */
		7ED85CC32B8F52AF000935E4 /* Build configuration list for PBXProject "CatApp" */ = {
			isa = XCConfigurationList;
			buildConfigurations = (
				7ED85CEA2B8F52B0000935E4 /* Debug */,
				7ED85CEB2B8F52B0000935E4 /* Release */,
			);
			defaultConfigurationIsVisible = 0;
			defaultConfigurationName = Release;
		};
		7ED85CEC2B8F52B0000935E4 /* Build configuration list for PBXNativeTarget "CatApp" */ = {
			isa = XCConfigurationList;
			buildConfigurations = (
				7ED85CED2B8F52B0000935E4 /* Debug */,
				7ED85CEE2B8F52B0000935E4 /* Release */,
			);
			defaultConfigurationIsVisible = 0;
			defaultConfigurationName = Release;
		};
		7ED85CEF2B8F52B0000935E4 /* Build configuration list for PBXNativeTarget "CatAppTests" */ = {
			isa = XCConfigurationList;
			buildConfigurations = (
				7ED85CF02B8F52B0000935E4 /* Debug */,
				7ED85CF12B8F52B0000935E4 /* Release */,
			);
			defaultConfigurationIsVisible = 0;
			defaultConfigurationName = Release;
		};
/* End XCConfigurationList section */

/* Begin XCRemoteSwiftPackageReference section */
		7ED85CF52B8F718D000935E4 /* XCRemoteSwiftPackageReference "swift-composable-architecture" */ = {
			isa = XCRemoteSwiftPackageReference;
			repositoryURL = "https://github.com/pointfreeco/swift-composable-architecture";
			requirement = {
				kind = upToNextMajorVersion;
				minimumVersion = 1.8.2;
			};
		};
/* End XCRemoteSwiftPackageReference section */

/* Begin XCSwiftPackageProductDependency section */
		7ED85CF62B8F718E000935E4 /* ComposableArchitecture */ = {
			isa = XCSwiftPackageProductDependency;
			package = 7ED85CF52B8F718D000935E4 /* XCRemoteSwiftPackageReference "swift-composable-architecture" */;
			productName = ComposableArchitecture;
		};
/* End XCSwiftPackageProductDependency section */
	};
	rootObject = 7ED85CC02B8F52AF000935E4 /* Project object */;
}
